
Microsoft Visual Studio Solution File, Format Version 12.00
# Visual Studio 2015
Project("{FAE04EC0-301F-11D3-BF4B-00C04F79EFBC}") = "MVCSample.CSharp", "MVCSample.CSharp.csproj", "{58B9C3AE-BD36-0DED-E9D4-CE75D9CEC58D}"
EndProject
Global
	GlobalSection(SolutionConfigurationPlatforms) = preSolution
		Debug|Any CPU = Debug|Any CPU
		Release|Any CPU = Release|Any CPU
	EndGlobalSection
	GlobalSection(ProjectConfigurationPlatforms) = postSolution
		{58B9C3AE-BD36-0DED-E9D4-CE75D9CEC58D}.Debug|Any CPU.ActiveCfg = Debug|Any CPU
		{58B9C3AE-BD36-0DED-E9D4-CE75D9CEC58D}.Debug|Any CPU.Build.0 = Debug|Any CPU
		{58B9C3AE-BD36-0DED-E9D4-CE75D9CEC58D}.Release|Any CPU.ActiveCfg = Release|Any CPU
		{58B9C3AE-BD36-0DED-E9D4-CE75D9CEC58D}.Release|Any CPU.Build.0 = Release|Any CPU
	EndGlobalSection
	GlobalSection(SolutionProperties) = preSolution
		HideSolutionNode = FALSE
	EndGlobalSection
EndGlobal
